
Microsoft Visual Studio Solution File, Format Version 12.00
# Visual Studio Version 17
VisualStudioVersion = 17.13.35825.156 d17.13
MinimumVisualStudioVersion = 10.0.40219.1
Project("{8BC9CEB8-8B4A-11D0-8D11-00A0C91BC942}") = "slam-cpp", "slam-cpp.vcxproj", "{05E590B0-2B78-416F-806E-DF0DC9FCCA41}"
EndProject
Global
	GlobalSection(SolutionConfigurationPlatforms) = preSolution
		Debug|x64 = Debug|x64
		Debug|x86 = Debug|x86
		Release|x64 = Release|x64
		Release|x86 = Release|x86
	EndGlobalSection
	GlobalSection(ProjectConfigurationPlatforms) = postSolution
		{05E590B0-2B78-416F-806E-DF0DC9FCCA41}.Debug|x64.ActiveCfg = Debug|x64
		{05E590B0-2B78-416F-806E-DF0DC9FCCA41}.Debug|x64.Build.0 = Debug|x64
		{05E590B0-2B78-416F-806E-DF0DC9FCCA41}.Debug|x86.ActiveCfg = Debug|Win32
		{05E590B0-2B78-416F-806E-DF0DC9FCCA41}.Debug|x86.Build.0 = Debug|Win32
		{05E590B0-2B78-416F-806E-DF0DC9FCCA41}.Release|x64.ActiveCfg = Release|x64
		{05E590B0-2B78-416F-806E-DF0DC9FCCA41}.Release|x64.Build.0 = Release|x64
		{05E590B0-2B78-416F-806E-DF0DC9FCCA41}.Release|x86.ActiveCfg = Release|Win32
		{05E590B0-2B78-416F-806E-DF0DC9FCCA41}.Release|x86.Build.0 = Release|Win32
	EndGlobalSection
	GlobalSection(SolutionProperties) = preSolution
		HideSolutionNode = FALSE
	EndGlobalSection
	GlobalSection(ExtensibilityGlobals) = postSolution
		SolutionGuid = {8236263B-5941-40AB-AB06-FA90781540F4}
	EndGlobalSection
EndGlobal
